
Microsoft Visual Studio Solution File, Format Version 12.00
# Visual Studio Version 16
VisualStudioVersion = 16.0.31605.320
MinimumVisualStudioVersion = 10.0.40219.1
Project("{8BC9CEB8-8B4A-11D0-8D11-00A0C91BC942}") = "DllInjector", "DllInjector\DllInjector.vcxproj", "{246179B7-E94F-4760-9B56-6C6F1110F5D8}"
EndProject
Project("{8BC9CEB8-8B4A-11D0-8D11-00A0C91BC942}") = "HackImportAddressTable", "HackImportAddressTable\HackImportAddressTable.vcxproj", "{C83089F5-5928-4F31-8BD5-B6AF7B6C2BFA}"
EndProject
Project("{8BC9CEB8-8B4A-11D0-8D11-00A0C91BC942}") = "HackVirtualMemory", "HackVirtualMemory\HackVirtualMemory.vcxproj", "{104AF369-D73F-495A-8974-CD9AA7BD4042}"
EndProject
Project("{8BC9CEB8-8B4A-11D0-8D11-00A0C91BC942}") = "ProxyDll", "ProxyDll\ProxyDll.vcxproj", "{D526E04D-9152-4670-BA5D-33460B8EE886}"
EndProject
Project("{8BC9CEB8-8B4A-11D0-8D11-00A0C91BC942}") = "Synthesize", "Synthesize\Synthesize.vcxproj", "{4C9FC899-C1E0-4B6D-9796-2AD0B930A492}"
EndProject
Project("{8BC9CEB8-8B4A-11D0-8D11-00A0C91BC942}") = "ClassLibrary1", "ClassLibrary1\ClassLibrary1.vcxproj", "{842459D0-FA73-4806-AAD7-034C85EB3643}"
EndProject
Global
	GlobalSection(SolutionConfigurationPlatforms) = preSolution
		Debug|Any CPU = Debug|Any CPU
		Debug|x64 = Debug|x64
		Debug|x86 = Debug|x86
		Release|Any CPU = Release|Any CPU
		Release|x64 = Release|x64
		Release|x86 = Release|x86
	EndGlobalSection
	GlobalSection(ProjectConfigurationPlatforms) = postSolution
		{246179B7-E94F-4760-9B56-6C6F1110F5D8}.Debug|Any CPU.ActiveCfg = Debug|Win32
		{246179B7-E94F-4760-9B56-6C6F1110F5D8}.Debug|x64.ActiveCfg = Debug|x64
		{246179B7-E94F-4760-9B56-6C6F1110F5D8}.Debug|x64.Build.0 = Debug|x64
		{246179B7-E94F-4760-9B56-6C6F1110F5D8}.Debug|x86.ActiveCfg = Debug|Win32
		{246179B7-E94F-4760-9B56-6C6F1110F5D8}.Debug|x86.Build.0 = Debug|Win32
		{246179B7-E94F-4760-9B56-6C6F1110F5D8}.Release|Any CPU.ActiveCfg = Release|Win32
		{246179B7-E94F-4760-9B56-6C6F1110F5D8}.Release|x64.ActiveCfg = Release|x64
		{246179B7-E94F-4760-9B56-6C6F1110F5D8}.Release|x64.Build.0 = Release|x64
		{246179B7-E94F-4760-9B56-6C6F1110F5D8}.Release|x86.ActiveCfg = Release|Win32
		{246179B7-E94F-4760-9B56-6C6F1110F5D8}.Release|x86.Build.0 = Release|Win32
		{C83089F5-5928-4F31-8BD5-B6AF7B6C2BFA}.Debug|Any CPU.ActiveCfg = Debug|Win32
		{C83089F5-5928-4F31-8BD5-B6AF7B6C2BFA}.Debug|x64.ActiveCfg = Debug|x64
		{C83089F5-5928-4F31-8BD5-B6AF7B6C2BFA}.Debug|x64.Build.0 = Debug|x64
		{C83089F5-5928-4F31-8BD5-B6AF7B6C2BFA}.Debug|x86.ActiveCfg = Debug|Win32
		{C83089F5-5928-4F31-8BD5-B6AF7B6C2BFA}.Debug|x86.Build.0 = Debug|Win32
		{C83089F5-5928-4F31-8BD5-B6AF7B6C2BFA}.Release|Any CPU.ActiveCfg = Release|Win32
		{C83089F5-5928-4F31-8BD5-B6AF7B6C2BFA}.Release|x64.ActiveCfg = Release|x64
		{C83089F5-5928-4F31-8BD5-B6AF7B6C2BFA}.Release|x64.Build.0 = Release|x64
		{C83089F5-5928-4F31-8BD5-B6AF7B6C2BFA}.Release|x86.ActiveCfg = Release|Win32
		{C83089F5-5928-4F31-8BD5-B6AF7B6C2BFA}.Release|x86.Build.0 = Release|Win32
		{104AF369-D73F-495A-8974-CD9AA7BD4042}.Debug|Any CPU.ActiveCfg = Debug|Win32
		{104AF369-D73F-495A-8974-CD9AA7BD4042}.Debug|x64.ActiveCfg = Debug|x64
		{104AF369-D73F-495A-8974-CD9AA7BD4042}.Debug|x64.Build.0 = Debug|x64
		{104AF369-D73F-495A-8974-CD9AA7BD4042}.Debug|x86.ActiveCfg = Debug|Win32
		{104AF369-D73F-495A-8974-CD9AA7BD4042}.Debug|x86.Build.0 = Debug|Win32
		{104AF369-D73F-495A-8974-CD9AA7BD4042}.Release|Any CPU.ActiveCfg = Release|Win32
		{104AF369-D73F-495A-8974-CD9AA7BD4042}.Release|x64.ActiveCfg = Release|x64
		{104AF369-D73F-495A-8974-CD9AA7BD4042}.Release|x64.Build.0 = Release|x64
		{104AF369-D73F-495A-8974-CD9AA7BD4042}.Release|x86.ActiveCfg = Release|Win32
		{104AF369-D73F-495A-8974-CD9AA7BD4042}.Release|x86.Build.0 = Release|Win32
		{D526E04D-9152-4670-BA5D-33460B8EE886}.Debug|Any CPU.ActiveCfg = Debug|Win32
		{D526E04D-9152-4670-BA5D-33460B8EE886}.Debug|x64.ActiveCfg = Debug|x64
		{D526E04D-9152-4670-BA5D-33460B8EE886}.Debug|x64.Build.0 = Debug|x64
		{D526E04D-9152-4670-BA5D-33460B8EE886}.Debug|x86.ActiveCfg = Debug|Win32
		{D526E04D-9152-4670-BA5D-33460B8EE886}.Debug|x86.Build.0 = Debug|Win32
		{D526E04D-9152-4670-BA5D-33460B8EE886}.Release|Any CPU.ActiveCfg = Release|Win32
		{D526E04D-9152-4670-BA5D-33460B8EE886}.Release|x64.ActiveCfg = Release|x64
		{D526E04D-9152-4670-BA5D-33460B8EE886}.Release|x64.Build.0 = Release|x64
		{D526E04D-9152-4670-BA5D-33460B8EE886}.Release|x86.ActiveCfg = Release|Win32
		{D526E04D-9152-4670-BA5D-33460B8EE886}.Release|x86.Build.0 = Release|Win32
		{4C9FC899-C1E0-4B6D-9796-2AD0B930A492}.Debug|Any CPU.ActiveCfg = Debug|Win32
		{4C9FC899-C1E0-4B6D-9796-2AD0B930A492}.Debug|x64.ActiveCfg = Debug|x64
		{4C9FC899-C1E0-4B6D-9796-2AD0B930A492}.Debug|x64.Build.0 = Debug|x64
		{4C9FC899-C1E0-4B6D-9796-2AD0B930A492}.Debug|x86.ActiveCfg = Debug|Win32
		{4C9FC899-C1E0-4B6D-9796-2AD0B930A492}.Debug|x86.Build.0 = Debug|Win32
		{4C9FC899-C1E0-4B6D-9796-2AD0B930A492}.Release|Any CPU.ActiveCfg = Release|Win32
		{4C9FC899-C1E0-4B6D-9796-2AD0B930A492}.Release|x64.ActiveCfg = Release|x64
		{4C9FC899-C1E0-4B6D-9796-2AD0B930A492}.Release|x64.Build.0 = Release|x64
		{4C9FC899-C1E0-4B6D-9796-2AD0B930A492}.Release|x86.ActiveCfg = Release|Win32
		{4C9FC899-C1E0-4B6D-9796-2AD0B930A492}.Release|x86.Build.0 = Release|Win32
		{842459D0-FA73-4806-AAD7-034C85EB3643}.Debug|Any CPU.ActiveCfg = Debug|Win32
		{842459D0-FA73-4806-AAD7-034C85EB3643}.Debug|x64.ActiveCfg = Debug|x64
		{842459D0-FA73-4806-AAD7-034C85EB3643}.Debug|x64.Build.0 = Debug|x64
		{842459D0-FA73-4806-AAD7-034C85EB3643}.Debug|x86.ActiveCfg = Debug|Win32
		{842459D0-FA73-4806-AAD7-034C85EB3643}.Debug|x86.Build.0 = Debug|Win32
		{842459D0-FA73-4806-AAD7-034C85EB3643}.Release|Any CPU.ActiveCfg = Release|Win32
		{842459D0-FA73-4806-AAD7-034C85EB3643}.Release|x64.ActiveCfg = Release|x64
		{842459D0-FA73-4806-AAD7-034C85EB3643}.Release|x64.Build.0 = Release|x64
		{842459D0-FA73-4806-AAD7-034C85EB3643}.Release|x86.ActiveCfg = Release|Win32
		{842459D0-FA73-4806-AAD7-034C85EB3643}.Release|x86.Build.0 = Release|Win32
	EndGlobalSection
	GlobalSection(SolutionProperties) = preSolution
		HideSolutionNode = FALSE
	EndGlobalSection
	GlobalSection(ExtensibilityGlobals) = postSolution
		SolutionGuid = {DBC50317-3387-43B8-A604-AE7AECEF40C6}
	EndGlobalSection
EndGlobal
